
Microsoft Visual Studio Solution File, Format Version 12.00
# Visual Studio Version 17
VisualStudioVersion = 17.10.35122.118
MinimumVisualStudioVersion = 10.0.40219.1
Project("{FAE04EC0-301F-11D3-BF4B-00C04F79EFBC}") = "KioskControl", "ConsoleApp1\KioskControl.csproj", "{24828A3D-C34F-4094-A0DE-6815D5A7307D}"
EndProject
Global
	GlobalSection(SolutionConfigurationPlatforms) = preSolution
		Debug|Any CPU = Debug|Any CPU
		Release|Any CPU = Release|Any CPU
	EndGlobalSection
	GlobalSection(ProjectConfigurationPlatforms) = postSolution
		{24828A3D-C34F-4094-A0DE-6815D5A7307D}.Debug|Any CPU.ActiveCfg = Debug|Any CPU
		{24828A3D-C34F-4094-A0DE-6815D5A7307D}.Debug|Any CPU.Build.0 = Debug|Any CPU
		{24828A3D-C34F-4094-A0DE-6815D5A7307D}.Release|Any CPU.ActiveCfg = Release|Any CPU
		{24828A3D-C34F-4094-A0DE-6815D5A7307D}.Release|Any CPU.Build.0 = Release|Any CPU
	EndGlobalSection
	GlobalSection(SolutionProperties) = preSolution
		HideSolutionNode = FALSE
	EndGlobalSection
	GlobalSection(ExtensibilityGlobals) = postSolution
		SolutionGuid = {7F141BF2-AE05-473C-A20C-A111C71427FE}
	EndGlobalSection
EndGlobal
